
Microsoft Visual Studio Solution File, Format Version 12.00
# Visual Studio Version 17
VisualStudioVersion = 17.1.32210.238
MinimumVisualStudioVersion = 10.0.40219.1
Project("{FAE04EC0-301F-11D3-BF4B-00C04F79EFBC}") = "Superhero", "Superhero.csproj", "{2B13A057-F3C1-4FB8-8CC9-AEF6373F3AD0}"
EndProject
Global
	GlobalSection(SolutionConfigurationPlatforms) = preSolution
		Debug|Any CPU = Debug|Any CPU
		Release|Any CPU = Release|Any CPU
	EndGlobalSection
	GlobalSection(ProjectConfigurationPlatforms) = postSolution
		{2B13A057-F3C1-4FB8-8CC9-AEF6373F3AD0}.Debug|Any CPU.ActiveCfg = Debug|Any CPU
		{2B13A057-F3C1-4FB8-8CC9-AEF6373F3AD0}.Debug|Any CPU.Build.0 = Debug|Any CPU
		{2B13A057-F3C1-4FB8-8CC9-AEF6373F3AD0}.Release|Any CPU.ActiveCfg = Release|Any CPU
		{2B13A057-F3C1-4FB8-8CC9-AEF6373F3AD0}.Release|Any CPU.Build.0 = Release|Any CPU
	EndGlobalSection
	GlobalSection(SolutionProperties) = preSolution
		HideSolutionNode = FALSE
	EndGlobalSection
	GlobalSection(ExtensibilityGlobals) = postSolution
		SolutionGuid = {8622C89C-4DEA-44BF-BC7A-5A2958B3AE76}
	EndGlobalSection
EndGlobal
